
Microsoft Visual Studio Solution File, Format Version 12.00
# Visual Studio Version 17
VisualStudioVersion = 17.7.34024.191
MinimumVisualStudioVersion = 10.0.40219.1
Project("{9A19103F-16F7-4668-BE54-9A1E7A4F7556}") = "WebApplication1", "WebApplication1\WebApplication1.csproj", "{AB39F71E-896F-4CFD-A73B-1E49D4CF7AD1}"
EndProject
Project("{9A19103F-16F7-4668-BE54-9A1E7A4F7556}") = "WebApplication.Logic", "WebApplication.Logic\WebApplication.Logic.csproj", "{20FD7281-8382-4258-9FCE-A78A40CA0F50}"
EndProject
Project("{2150E333-8FDC-42A3-9474-1A3956D46DE8}") = "sites", "sites", "{B23D41EA-8449-46A3-85C7-10489D3787D8}"
EndProject
Global
	GlobalSection(SolutionConfigurationPlatforms) = preSolution
		Debug|Any CPU = Debug|Any CPU
		Release|Any CPU = Release|Any CPU
	EndGlobalSection
	GlobalSection(ProjectConfigurationPlatforms) = postSolution
		{AB39F71E-896F-4CFD-A73B-1E49D4CF7AD1}.Debug|Any CPU.ActiveCfg = Debug|Any CPU
		{AB39F71E-896F-4CFD-A73B-1E49D4CF7AD1}.Debug|Any CPU.Build.0 = Debug|Any CPU
		{AB39F71E-896F-4CFD-A73B-1E49D4CF7AD1}.Release|Any CPU.ActiveCfg = Release|Any CPU
		{AB39F71E-896F-4CFD-A73B-1E49D4CF7AD1}.Release|Any CPU.Build.0 = Release|Any CPU
		{20FD7281-8382-4258-9FCE-A78A40CA0F50}.Debug|Any CPU.ActiveCfg = Debug|Any CPU
		{20FD7281-8382-4258-9FCE-A78A40CA0F50}.Debug|Any CPU.Build.0 = Debug|Any CPU
		{20FD7281-8382-4258-9FCE-A78A40CA0F50}.Release|Any CPU.ActiveCfg = Release|Any CPU
		{20FD7281-8382-4258-9FCE-A78A40CA0F50}.Release|Any CPU.Build.0 = Release|Any CPU
	EndGlobalSection
	GlobalSection(SolutionProperties) = preSolution
		HideSolutionNode = FALSE
	EndGlobalSection
	GlobalSection(ExtensibilityGlobals) = postSolution
		SolutionGuid = {AF421843-8562-4D0B-A61A-F0EBDF1DA218}
	EndGlobalSection
EndGlobal
